// !$*UTF8*$!
{
	archiveVersion = 1;
	classes = {
	};
	objectVersion = 55;
	objects = {

/* Begin PBXBuildFile section */
		22B9A1342763433200BB6A78 /* ListViewController.swift in Sources */ = {isa = PBXBuildFile; fileRef = 22B9A1332763433200BB6A78 /* ListViewController.swift */; };
		22B9A1362763434900BB6A78 /* SearchViewController.swift in Sources */ = {isa = PBXBuildFile; fileRef = 22B9A1352763434900BB6A78 /* SearchViewController.swift */; };
		22B9A1382763435800BB6A78 /* NewListViewController.swift in Sources */ = {isa = PBXBuildFile; fileRef = 22B9A1372763435800BB6A78 /* NewListViewController.swift */; };
		22B9A13A2763437500BB6A78 /* ConfigurationViewController.swift in Sources */ = {isa = PBXBuildFile; fileRef = 22B9A1392763437500BB6A78 /* ConfigurationViewController.swift */; };
		22B9A13C2763437F00BB6A78 /* CalenderViewController.swift in Sources */ = {isa = PBXBuildFile; fileRef = 22B9A13B2763437F00BB6A78 /* CalenderViewController.swift */; };
		22B9A13E2763439800BB6A78 /* AllListViewController.swift in Sources */ = {isa = PBXBuildFile; fileRef = 22B9A13D2763439800BB6A78 /* AllListViewController.swift */; };
		22B9A140276343A300BB6A78 /* SigninViewController.swift in Sources */ = {isa = PBXBuildFile; fileRef = 22B9A13F276343A300BB6A78 /* SigninViewController.swift */; };
		22B9A142276343BC00BB6A78 /* MailSigninViewController.swift in Sources */ = {isa = PBXBuildFile; fileRef = 22B9A141276343BC00BB6A78 /* MailSigninViewController.swift */; };
		22B9A144276343C800BB6A78 /* MailPasswordViewController.swift in Sources */ = {isa = PBXBuildFile; fileRef = 22B9A143276343C800BB6A78 /* MailPasswordViewController.swift */; };
		22EDA29427633DB5002525C9 /* AppDelegate.swift in Sources */ = {isa = PBXBuildFile; fileRef = 22EDA29327633DB5002525C9 /* AppDelegate.swift */; };
		22EDA29627633DB5002525C9 /* SceneDelegate.swift in Sources */ = {isa = PBXBuildFile; fileRef = 22EDA29527633DB5002525C9 /* SceneDelegate.swift */; };
		22EDA29827633DB5002525C9 /* ViewController.swift in Sources */ = {isa = PBXBuildFile; fileRef = 22EDA29727633DB5002525C9 /* ViewController.swift */; };
		22EDA29B27633DB5002525C9 /* Main.storyboard in Resources */ = {isa = PBXBuildFile; fileRef = 22EDA29927633DB5002525C9 /* Main.storyboard */; };
		22EDA29D27633DB8002525C9 /* Assets.xcassets in Resources */ = {isa = PBXBuildFile; fileRef = 22EDA29C27633DB8002525C9 /* Assets.xcassets */; };
		22EDA2A027633DB8002525C9 /* LaunchScreen.storyboard in Resources */ = {isa = PBXBuildFile; fileRef = 22EDA29E27633DB8002525C9 /* LaunchScreen.storyboard */; };
/* End PBXBuildFile section */

/* Begin PBXFileReference section */
		22B9A1332763433200BB6A78 /* ListViewController.swift */ = {isa = PBXFileReference; lastKnownFileType = sourcecode.swift; path = ListViewController.swift; sourceTree = "<group>"; };
		22B9A1352763434900BB6A78 /* SearchViewController.swift */ = {isa = PBXFileReference; lastKnownFileType = sourcecode.swift; path = SearchViewController.swift; sourceTree = "<group>"; };
		22B9A1372763435800BB6A78 /* NewListViewController.swift */ = {isa = PBXFileReference; lastKnownFileType = sourcecode.swift; path = NewListViewController.swift; sourceTree = "<group>"; };
		22B9A1392763437500BB6A78 /* ConfigurationViewController.swift */ = {isa = PBXFileReference; lastKnownFileType = sourcecode.swift; path = ConfigurationViewController.swift; sourceTree = "<group>"; };
		22B9A13B2763437F00BB6A78 /* CalenderViewController.swift */ = {isa = PBXFileReference; lastKnownFileType = sourcecode.swift; path = CalenderViewController.swift; sourceTree = "<group>"; };
		22B9A13D2763439800BB6A78 /* AllListViewController.swift */ = {isa = PBXFileReference; lastKnownFileType = sourcecode.swift; path = AllListViewController.swift; sourceTree = "<group>"; };
		22B9A13F276343A300BB6A78 /* SigninViewController.swift */ = {isa = PBXFileReference; lastKnownFileType = sourcecode.swift; path = SigninViewController.swift; sourceTree = "<group>"; };
		22B9A141276343BC00BB6A78 /* MailSigninViewController.swift */ = {isa = PBXFileReference; lastKnownFileType = sourcecode.swift; path = MailSigninViewController.swift; sourceTree = "<group>"; };
		22B9A143276343C800BB6A78 /* MailPasswordViewController.swift */ = {isa = PBXFileReference; lastKnownFileType = sourcecode.swift; path = MailPasswordViewController.swift; sourceTree = "<group>"; };
		22EDA29027633DB5002525C9 /* NewApp.app */ = {isa = PBXFileReference; explicitFileType = wrapper.application; includeInIndex = 0; path = NewApp.app; sourceTree = BUILT_PRODUCTS_DIR; };
		22EDA29327633DB5002525C9 /* AppDelegate.swift */ = {isa = PBXFileReference; lastKnownFileType = sourcecode.swift; path = AppDelegate.swift; sourceTree = "<group>"; };
		22EDA29527633DB5002525C9 /* SceneDelegate.swift */ = {isa = PBXFileReference; lastKnownFileType = sourcecode.swift; path = SceneDelegate.swift; sourceTree = "<group>"; };
		22EDA29727633DB5002525C9 /* ViewController.swift */ = {isa = PBXFileReference; lastKnownFileType = sourcecode.swift; path = ViewController.swift; sourceTree = "<group>"; };
		22EDA29A27633DB5002525C9 /* Base */ = {isa = PBXFileReference; lastKnownFileType = file.storyboard; name = Base; path = Base.lproj/Main.storyboard; sourceTree = "<group>"; };
		22EDA29C27633DB8002525C9 /* Assets.xcassets */ = {isa = PBXFileReference; lastKnownFileType = folder.assetcatalog; path = Assets.xcassets; sourceTree = "<group>"; };
		22EDA29F27633DB8002525C9 /* Base */ = {isa = PBXFileReference; lastKnownFileType = file.storyboard; name = Base; path = Base.lproj/LaunchScreen.storyboard; sourceTree = "<group>"; };
		22EDA2A127633DB8002525C9 /* Info.plist */ = {isa = PBXFileReference; lastKnownFileType = text.plist.xml; path = Info.plist; sourceTree = "<group>"; };
/* End PBXFileReference section */

/* Begin PBXFrameworksBuildPhase section */
		22EDA28D27633DB5002525C9 /* Frameworks */ = {
			isa = PBXFrameworksBuildPhase;
			buildActionMask = 2147483647;
			files = (
			);
			runOnlyForDeploymentPostprocessing = 0;
		};
/* End PBXFrameworksBuildPhase section */

/* Begin PBXGroup section */
		22B9A1322763430900BB6A78 /* Controller */ = {
			isa = PBXGroup;
			children = (
				22EDA29727633DB5002525C9 /* ViewController.swift */,
				22B9A1332763433200BB6A78 /* ListViewController.swift */,
				22B9A1352763434900BB6A78 /* SearchViewController.swift */,
				22B9A1372763435800BB6A78 /* NewListViewController.swift */,
				22B9A1392763437500BB6A78 /* ConfigurationViewController.swift */,
				22B9A13B2763437F00BB6A78 /* CalenderViewController.swift */,
				22B9A13D2763439800BB6A78 /* AllListViewController.swift */,
				22B9A13F276343A300BB6A78 /* SigninViewController.swift */,
				22B9A141276343BC00BB6A78 /* MailSigninViewController.swift */,
				22B9A143276343C800BB6A78 /* MailPasswordViewController.swift */,
			);
			path = Controller;
			sourceTree = "<group>";
		};
		22EDA28727633DB5002525C9 = {
			isa = PBXGroup;
			children = (
				22EDA29227633DB5002525C9 /* NewApp */,
				22EDA29127633DB5002525C9 /* Products */,
			);
			sourceTree = "<group>";
		};
		22EDA29127633DB5002525C9 /* Products */ = {
			isa = PBXGroup;
			children = (
				22EDA29027633DB5002525C9 /* NewApp.app */,
			);
			name = Products;
			sourceTree = "<group>";
		};
		22EDA29227633DB5002525C9 /* NewApp */ = {
			isa = PBXGroup;
			children = (
				22B9A1322763430900BB6A78 /* Controller */,
				22EDA29327633DB5002525C9 /* AppDelegate.swift */,
				22EDA29527633DB5002525C9 /* SceneDelegate.swift */,
				22EDA29927633DB5002525C9 /* Main.storyboard */,
				22EDA29C27633DB8002525C9 /* Assets.xcassets */,
				22EDA29E27633DB8002525C9 /* LaunchScreen.storyboard */,
				22EDA2A127633DB8002525C9 /* Info.plist */,
			);
			path = NewApp;
			sourceTree = "<group>";
		};
/* End PBXGroup section */

/* Begin PBXNativeTarget section */
		22EDA28F27633DB5002525C9 /* NewApp */ = {
			isa = PBXNativeTarget;
			buildConfigurationList = 22EDA2A427633DB8002525C9 /* Build configuration list for PBXNativeTarget "NewApp" */;
			buildPhases = (
				22EDA28C27633DB5002525C9 /* Sources */,
				22EDA28D27633DB5002525C9 /* Frameworks */,
				22EDA28E27633DB5002525C9 /* Resources */,
			);
			buildRules = (
			);
			dependencies = (
			);
			name = NewApp;
			productName = NewApp;
			productReference = 22EDA29027633DB5002525C9 /* NewApp.app */;
			productType = "com.apple.product-type.application";
		};
/* End PBXNativeTarget section */

/* Begin PBXProject section */
		22EDA28827633DB5002525C9 /* Project object */ = {
			isa = PBXProject;
			attributes = {
				BuildIndependentTargetsInParallel = 1;
				LastSwiftUpdateCheck = 1310;
				LastUpgradeCheck = 1310;
				TargetAttributes = {
					22EDA28F27633DB5002525C9 = {
						CreatedOnToolsVersion = 13.1;
					};
				};
			};
			buildConfigurationList = 22EDA28B27633DB5002525C9 /* Build configuration list for PBXProject "NewApp" */;
			compatibilityVersion = "Xcode 13.0";
			developmentRegion = en;
			hasScannedForEncodings = 0;
			knownRegions = (
				en,
				Base,
			);
			mainGroup = 22EDA28727633DB5002525C9;
			productRefGroup = 22EDA29127633DB5002525C9 /* Products */;
			projectDirPath = "";
			projectRoot = "";
			targets = (
				22EDA28F27633DB5002525C9 /* NewApp */,
			);
		};
/* End PBXProject section */

/* Begin PBXResourcesBuildPhase section */
		22EDA28E27633DB5002525C9 /* Resources */ = {
			isa = PBXResourcesBuildPhase;
			buildActionMask = 2147483647;
			files = (
				22EDA2A027633DB8002525C9 /* LaunchScreen.storyboard in Resources */,
				22EDA29D27633DB8002525C9 /* Assets.xcassets in Resources */,
				22EDA29B27633DB5002525C9 /* Main.storyboard in Resources */,
			);
			runOnlyForDeploymentPostprocessing = 0;
		};
/* End PBXResourcesBuildPhase section */

/* Begin PBXSourcesBuildPhase section */
		22EDA28C27633DB5002525C9 /* Sources */ = {
			isa = PBXSourcesBuildPhase;
			buildActionMask = 2147483647;
			files = (
				22B9A144276343C800BB6A78 /* MailPasswordViewController.swift in Sources */,
				22B9A1362763434900BB6A78 /* SearchViewController.swift in Sources */,
				22EDA29827633DB5002525C9 /* ViewController.swift in Sources */,
				22EDA29427633DB5002525C9 /* AppDelegate.swift in Sources */,
				22B9A1382763435800BB6A78 /* NewListViewController.swift in Sources */,
				22B9A13C2763437F00BB6A78 /* CalenderViewController.swift in Sources */,
				22B9A142276343BC00BB6A78 /* MailSigninViewController.swift in Sources */,
				22B9A13A2763437500BB6A78 /* ConfigurationViewController.swift in Sources */,
				22B9A140276343A300BB6A78 /* SigninViewController.swift in Sources */,
				22B9A13E2763439800BB6A78 /* AllListViewController.swift in Sources */,
				22B9A1342763433200BB6A78 /* ListViewController.swift in Sources */,
				22EDA29627633DB5002525C9 /* SceneDelegate.swift in Sources */,
			);
			runOnlyForDeploymentPostprocessing = 0;
		};
/* End PBXSourcesBuildPhase section */

/* Begin PBXVariantGroup section */
		22EDA29927633DB5002525C9 /* Main.storyboard */ = {
			isa = PBXVariantGroup;
			children = (
				22EDA29A27633DB5002525C9 /* Base */,
			);
			name = Main.storyboard;
			sourceTree = "<group>";
		};
		22EDA29E27633DB8002525C9 /* LaunchScreen.storyboard */ = {
			isa = PBXVariantGroup;
			children = (
				22EDA29F27633DB8002525C9 /* Base */,
			);
			name = LaunchScreen.storyboard;
			sourceTree = "<group>";
		};
/* End PBXVariantGroup section */

/* Begin XCBuildConfiguration section */
		22EDA2A227633DB8002525C9 /* Debug */ = {
			isa = XCBuildConfiguration;
			buildSettings = {
				ALWAYS_SEARCH_USER_PATHS = NO;
				CLANG_ANALYZER_NONNULL = YES;
				CLANG_ANALYZER_NUMBER_OBJECT_CONVERSION = YES_AGGRESSIVE;
				CLANG_CXX_LANGUAGE_STANDARD = "gnu++17";
				CLANG_CXX_LIBRARY = "libc++";
				CLANG_ENABLE_MODULES = YES;
				CLANG_ENABLE_OBJC_ARC = YES;
				CLANG_ENABLE_OBJC_WEAK = YES;
				CLANG_WARN_BLOCK_CAPTURE_AUTORELEASING = YES;
				CLANG_WARN_BOOL_CONVERSION = YES;
				CLANG_WARN_COMMA = YES;
				CLANG_WARN_CONSTANT_CONVERSION = YES;
				CLANG_WARN_DEPRECATED_OBJC_IMPLEMENTATIONS = YES;
				CLANG_WARN_DIRECT_OBJC_ISA_USAGE = YES_ERROR;
				CLANG_WARN_DOCUMENTATION_COMMENTS = YES;
				CLANG_WARN_EMPTY_BODY = YES;
				CLANG_WARN_ENUM_CONVERSION = YES;
				CLANG_WARN_INFINITE_RECURSION = YES;
				CLANG_WARN_INT_CONVERSION = YES;
				CLANG_WARN_NON_LITERAL_NULL_CONVERSION = YES;
				CLANG_WARN_OBJC_IMPLICIT_RETAIN_SELF = YES;
				CLANG_WARN_OBJC_LITERAL_CONVERSION = YES;
				CLANG_WARN_OBJC_ROOT_CLASS = YES_ERROR;
				CLANG_WARN_QUOTED_INCLUDE_IN_FRAMEWORK_HEADER = YES;
				CLANG_WARN_RANGE_LOOP_ANALYSIS = YES;
				CLANG_WARN_STRICT_PROTOTYPES = YES;
				CLANG_WARN_SUSPICIOUS_MOVE = YES;
				CLANG_WARN_UNGUARDED_AVAILABILITY = YES_AGGRESSIVE;
				CLANG_WARN_UNREACHABLE_CODE = YES;
				CLANG_WARN__DUPLICATE_METHOD_MATCH = YES;
				COPY_PHASE_STRIP = NO;
				DEBUG_INFORMATION_FORMAT = dwarf;
				ENABLE_STRICT_OBJC_MSGSEND = YES;
				ENABLE_TESTABILITY = YES;
				GCC_C_LANGUAGE_STANDARD = gnu11;
				GCC_DYNAMIC_NO_PIC = NO;
				GCC_NO_COMMON_BLOCKS = YES;
				GCC_OPTIMIZATION_LEVEL = 0;
				GCC_PREPROCESSOR_DEFINITIONS = (
					"DEBUG=1",
					"$(inherited)",
				);
				GCC_WARN_64_TO_32_BIT_CONVERSION = YES;
				GCC_WARN_ABOUT_RETURN_TYPE = YES_ERROR;
				GCC_WARN_UNDECLARED_SELECTOR = YES;
				GCC_WARN_UNINITIALIZED_AUTOS = YES_AGGRESSIVE;
				GCC_WARN_UNUSED_FUNCTION = YES;
				GCC_WARN_UNUSED_VARIABLE = YES;
				IPHONEOS_DEPLOYMENT_TARGET = 15.0;
				MTL_ENABLE_DEBUG_INFO = INCLUDE_SOURCE;
				MTL_FAST_MATH = YES;
				ONLY_ACTIVE_ARCH = YES;
				SDKROOT = iphoneos;
				SWIFT_ACTIVE_COMPILATION_CONDITIONS = DEBUG;
				SWIFT_OPTIMIZATION_LEVEL = "-Onone";
			};
			name = Debug;
		};
		22EDA2A327633DB8002525C9 /* Release */ = {
			isa = XCBuildConfiguration;
			buildSettings = {
				ALWAYS_SEARCH_USER_PATHS = NO;
				CLANG_ANALYZER_NONNULL = YES;
				CLANG_ANALYZER_NUMBER_OBJECT_CONVERSION = YES_AGGRESSIVE;
				CLANG_CXX_LANGUAGE_STANDARD = "gnu++17";
				CLANG_CXX_LIBRARY = "libc++";
				CLANG_ENABLE_MODULES = YES;
				CLANG_ENABLE_OBJC_ARC = YES;
				CLANG_ENABLE_OBJC_WEAK = YES;
				CLANG_WARN_BLOCK_CAPTURE_AUTORELEASING = YES;
				CLANG_WARN_BOOL_CONVERSION = YES;
				CLANG_WARN_COMMA = YES;
				CLANG_WARN_CONSTANT_CONVERSION = YES;
				CLANG_WARN_DEPRECATED_OBJC_IMPLEMENTATIONS = YES;
				CLANG_WARN_DIRECT_OBJC_ISA_USAGE = YES_ERROR;
				CLANG_WARN_DOCUMENTATION_COMMENTS = YES;
				CLANG_WARN_EMPTY_BODY = YES;
				CLANG_WARN_ENUM_CONVERSION = YES;
				CLANG_WARN_INFINITE_RECURSION = YES;
				CLANG_WARN_INT_CONVERSION = YES;
				CLANG_WARN_NON_LITERAL_NULL_CONVERSION = YES;
				CLANG_WARN_OBJC_IMPLICIT_RETAIN_SELF = YES;
				CLANG_WARN_OBJC_LITERAL_CONVERSION = YES;
				CLANG_WARN_OBJC_ROOT_CLASS = YES_ERROR;
				CLANG_WARN_QUOTED_INCLUDE_IN_FRAMEWORK_HEADER = YES;
				CLANG_WARN_RANGE_LOOP_ANALYSIS = YES;
				CLANG_WARN_STRICT_PROTOTYPES = YES;
				CLANG_WARN_SUSPICIOUS_MOVE = YES;
				CLANG_WARN_UNGUARDED_AVAILABILITY = YES_AGGRESSIVE;
				CLANG_WARN_UNREACHABLE_CODE = YES;
				CLANG_WARN__DUPLICATE_METHOD_MATCH = YES;
				COPY_PHASE_STRIP = NO;
				DEBUG_INFORMATION_FORMAT = "dwarf-with-dsym";
				ENABLE_NS_ASSERTIONS = NO;
				ENABLE_STRICT_OBJC_MSGSEND = YES;
				GCC_C_LANGUAGE_STANDARD = gnu11;
				GCC_NO_COMMON_BLOCKS = YES;
				GCC_WARN_64_TO_32_BIT_CONVERSION = YES;
				GCC_WARN_ABOUT_RETURN_TYPE = YES_ERROR;
				GCC_WARN_UNDECLARED_SELECTOR = YES;
				GCC_WARN_UNINITIALIZED_AUTOS = YES_AGGRESSIVE;
				GCC_WARN_UNUSED_FUNCTION = YES;
				GCC_WARN_UNUSED_VARIABLE = YES;
				IPHONEOS_DEPLOYMENT_TARGET = 15.0;
				MTL_ENABLE_DEBUG_INFO = NO;
				MTL_FAST_MATH = YES;
				SDKROOT = iphoneos;
				SWIFT_COMPILATION_MODE = wholemodule;
				SWIFT_OPTIMIZATION_LEVEL = "-O";
				VALIDATE_PRODUCT = YES;
			};
			name = Release;
		};
		22EDA2A527633DB8002525C9 /* Debug */ = {
			isa = XCBuildConfiguration;
			buildSettings = {
				ASSETCATALOG_COMPILER_APPICON_NAME = AppIcon;
				ASSETCATALOG_COMPILER_GLOBAL_ACCENT_COLOR_NAME = AccentColor;
				CODE_SIGN_STYLE = Automatic;
				CURRENT_PROJECT_VERSION = 1;
				GENERATE_INFOPLIST_FILE = YES;
				INFOPLIST_FILE = NewApp/Info.plist;
				INFOPLIST_KEY_UIApplicationSupportsIndirectInputEvents = YES;
				INFOPLIST_KEY_UILaunchStoryboardName = LaunchScreen;
				INFOPLIST_KEY_UIMainStoryboardFile = Main;
				INFOPLIST_KEY_UISupportedInterfaceOrientations_iPad = "UIInterfaceOrientationPortrait UIInterfaceOrientationPortraitUpsideDown UIInterfaceOrientationLandscapeLeft UIInterfaceOrientationLandscapeRight";
				INFOPLIST_KEY_UISupportedInterfaceOrientations_iPhone = "UIInterfaceOrientationPortrait UIInterfaceOrientationLandscapeLeft UIInterfaceOrientationLandscapeRight";
				LD_RUNPATH_SEARCH_PATHS = (
					"$(inherited)",
					"@executable_path/Frameworks",
				);
				MARKETING_VERSION = 1.0;
				PRODUCT_BUNDLE_IDENTIFIER = com.20211210.NewApp;
				PRODUCT_NAME = "$(TARGET_NAME)";
				SWIFT_EMIT_LOC_STRINGS = YES;
				SWIFT_VERSION = 5.0;
				TARGETED_DEVICE_FAMILY = "1,2";
			};
			name = Debug;
		};
		22EDA2A627633DB8002525C9 /* Release */ = {
			isa = XCBuildConfiguration;
			buildSettings = {
				ASSETCATALOG_COMPILER_APPICON_NAME = AppIcon;
				ASSETCATALOG_COMPILER_GLOBAL_ACCENT_COLOR_NAME = AccentColor;
				CODE_SIGN_STYLE = Automatic;
				CURRENT_PROJECT_VERSION = 1;
				GENERATE_INFOPLIST_FILE = YES;
				INFOPLIST_FILE = NewApp/Info.plist;
				INFOPLIST_KEY_UIApplicationSupportsIndirectInputEvents = YES;
				INFOPLIST_KEY_UILaunchStoryboardName = LaunchScreen;
				INFOPLIST_KEY_UIMainStoryboardFile = Main;
				INFOPLIST_KEY_UISupportedInterfaceOrientations_iPad = "UIInterfaceOrientationPortrait UIInterfaceOrientationPortraitUpsideDown UIInterfaceOrientationLandscapeLeft UIInterfaceOrientationLandscapeRight";
				INFOPLIST_KEY_UISupportedInterfaceOrientations_iPhone = "UIInterfaceOrientationPortrait UIInterfaceOrientationLandscapeLeft UIInterfaceOrientationLandscapeRight";
				LD_RUNPATH_SEARCH_PATHS = (
					"$(inherited)",
					"@executable_path/Frameworks",
				);
				MARKETING_VERSION = 1.0;
				PRODUCT_BUNDLE_IDENTIFIER = com.20211210.NewApp;
				PRODUCT_NAME = "$(TARGET_NAME)";
				SWIFT_EMIT_LOC_STRINGS = YES;
				SWIFT_VERSION = 5.0;
				TARGETED_DEVICE_FAMILY = "1,2";
			};
			name = Release;
		};
/* End XCBuildConfiguration section */

/* Begin XCConfigurationList section */
		22EDA28B27633DB5002525C9 /* Build configuration list for PBXProject "NewApp" */ = {
			isa = XCConfigurationList;
			buildConfigurations = (
				22EDA2A227633DB8002525C9 /* Debug */,
				22EDA2A327633DB8002525C9 /* Release */,
			);
			defaultConfigurationIsVisible = 0;
			defaultConfigurationName = Release;
		};
		22EDA2A427633DB8002525C9 /* Build configuration list for PBXNativeTarget "NewApp" */ = {
			isa = XCConfigurationList;
			buildConfigurations = (
				22EDA2A527633DB8002525C9 /* Debug */,
				22EDA2A627633DB8002525C9 /* Release */,
			);
			defaultConfigurationIsVisible = 0;
			defaultConfigurationName = Release;
		};
/* End XCConfigurationList section */
	};
	rootObject = 22EDA28827633DB5002525C9 /* Project object */;
}
